
Microsoft Visual Studio Solution File, Format Version 12.00
# Visual Studio Version 17
VisualStudioVersion = 17.14.36429.23 d17.14
MinimumVisualStudioVersion = 10.0.40219.1
Project("{FAE04EC0-301F-11D3-BF4B-00C04F79EFBC}") = "bingWallpapersBackupTools", "bingWallpapersBackupTools.csproj", "{C4EC5D6B-2450-48A7-997B-1183FF505943}"
EndProject
Global
	GlobalSection(SolutionConfigurationPlatforms) = preSolution
		Debug|Any CPU = Debug|Any CPU
		Release|Any CPU = Release|Any CPU
	EndGlobalSection
	GlobalSection(ProjectConfigurationPlatforms) = postSolution
		{C4EC5D6B-2450-48A7-997B-1183FF505943}.Debug|Any CPU.ActiveCfg = Debug|Any CPU
		{C4EC5D6B-2450-48A7-997B-1183FF505943}.Debug|Any CPU.Build.0 = Debug|Any CPU
		{C4EC5D6B-2450-48A7-997B-1183FF505943}.Release|Any CPU.ActiveCfg = Release|Any CPU
		{C4EC5D6B-2450-48A7-997B-1183FF505943}.Release|Any CPU.Build.0 = Release|Any CPU
	EndGlobalSection
	GlobalSection(SolutionProperties) = preSolution
		HideSolutionNode = FALSE
	EndGlobalSection
	GlobalSection(ExtensibilityGlobals) = postSolution
		SolutionGuid = {B93D172F-5446-43D7-A04F-B01E6B46B32A}
	EndGlobalSection
EndGlobal
